
Microsoft Visual Studio Solution File, Format Version 12.00
# Visual Studio Version 17
VisualStudioVersion = 17.5.002.0
MinimumVisualStudioVersion = 10.0.40219.1
Project("{9A19103F-16F7-4668-BE54-9A1E7A4F7556}") = "C#", "C#.csproj", "{BF03E709-2D6A-41DC-896B-CAD9DC6CEB23}"
EndProject
Global
	GlobalSection(SolutionConfigurationPlatforms) = preSolution
		Debug|Any CPU = Debug|Any CPU
		Release|Any CPU = Release|Any CPU
	EndGlobalSection
	GlobalSection(ProjectConfigurationPlatforms) = postSolution
		{BF03E709-2D6A-41DC-896B-CAD9DC6CEB23}.Debug|Any CPU.ActiveCfg = Debug|Any CPU
		{BF03E709-2D6A-41DC-896B-CAD9DC6CEB23}.Debug|Any CPU.Build.0 = Debug|Any CPU
		{BF03E709-2D6A-41DC-896B-CAD9DC6CEB23}.Release|Any CPU.ActiveCfg = Release|Any CPU
		{BF03E709-2D6A-41DC-896B-CAD9DC6CEB23}.Release|Any CPU.Build.0 = Release|Any CPU
	EndGlobalSection
	GlobalSection(SolutionProperties) = preSolution
		HideSolutionNode = FALSE
	EndGlobalSection
	GlobalSection(ExtensibilityGlobals) = postSolution
		SolutionGuid = {B196BC85-A540-4A76-9921-A311FEBE1050}
	EndGlobalSection
EndGlobal
